{
  "name": "emailwarmup_test_script",
  "version": "1.0.0",
  "lockfileVersion": 3,
  "requires": true,
  "packages": {
    "": {
      "name": "emailwarmup_test_script",
      "version": "1.0.0",
      "license": "ISC",
      "dependencies": {
        "playwright": "^1.45.2",
        "rollbar": "^2.26.4"
      }
    },
    "node_modules/async": {
      "version": "3.2.5",
      "resolved": "https://registry.npmjs.org/async/-/async-3.2.5.tgz",
      "integrity": "sha512-baNZyqaaLhyLVKm/DlvdW051MSgO6b8eVfIezl9E5PqWxFgzLm/wQntEW4zOytVburDEr0JlALEpdOFwvErLsg=="
    },
    "node_modules/console-polyfill": {
      "version": "0.3.0",
      "resolved": "https://registry.npmjs.org/console-polyfill/-/console-polyfill-0.3.0.tgz",
      "integrity": "sha512-w+JSDZS7XML43Xnwo2x5O5vxB0ID7T5BdqDtyqT6uiCAX2kZAgcWxNaGqT97tZfSHzfOcvrfsDAodKcJ3UvnXQ=="
    },
    "node_modules/decache": {
      "version": "3.1.0",
      "resolved": "https://registry.npmjs.org/decache/-/decache-3.1.0.tgz",
      "integrity": "sha512-p7D6wJ5EJFFq1CcF2lu1XeqKFLBob8jRQGNAvFLTsV3CbSKBl3VtliAVlUIGz2i9H6kEFnI2Amaft5ZopIG2Fw==",
      "optional": true,
      "dependencies": {
        "find": "^0.2.4"
      }
    },
    "node_modules/error-stack-parser": {
      "version": "2.1.4",
      "resolved": "https://registry.npmjs.org/error-stack-parser/-/error-stack-parser-2.1.4.tgz",
      "integrity": "sha512-Sk5V6wVazPhq5MhpO+AUxJn5x7XSXGl1R93Vn7i+zS15KDVxQijejNCrz8340/2bgLBjR9GtEG8ZVKONDjcqGQ==",
      "dependencies": {
        "stackframe": "^1.3.4"
      }
    },
    "node_modules/find": {
      "version": "0.2.9",
      "resolved": "https://registry.npmjs.org/find/-/find-0.2.9.tgz",
      "integrity": "sha512-7a4/LCiInB9xYMnAUEjLilL9FKclwbwK7VlXw+h5jMvT2TDFeYFCHM24O1XdnC/on/hx8mxVO3FTQkyHZnOghQ==",
      "optional": true,
      "dependencies": {
        "traverse-chain": "~0.1.0"
      }
    },
    "node_modules/fsevents": {
      "version": "2.3.2",
      "resolved": "https://registry.npmjs.org/fsevents/-/fsevents-2.3.2.tgz",
      "integrity": "sha512-xiqMQR4xAeHTuB9uWm+fFRcIOgKBMiOBP+eXiyT7jsgVCq1bkVygt00oASowB7EdtpOHaaPgKt812P9ab+DDKA==",
      "hasInstallScript": true,
      "optional": true,
      "os": [
        "darwin"
      ],
      "engines": {
        "node": "^8.16.0 || ^10.6.0 || >=11.0.0"
      }
    },
    "node_modules/json-stringify-safe": {
      "version": "5.0.1",
      "resolved": "https://registry.npmjs.org/json-stringify-safe/-/json-stringify-safe-5.0.1.tgz",
      "integrity": "sha512-ZClg6AaYvamvYEE82d3Iyd3vSSIjQ+odgjaTzRuO3s7toCdFKczob2i0zCh7JE8kWn17yvAWhUVxvqGwUalsRA=="
    },
    "node_modules/lru-cache": {
      "version": "2.2.4",
      "resolved": "https://registry.npmjs.org/lru-cache/-/lru-cache-2.2.4.tgz",
      "integrity": "sha512-Q5pAgXs+WEAfoEdw2qKQhNFFhMoFMTYqRVKKUMnzuiR7oKFHS7fWo848cPcTKw+4j/IdN17NyzdhVKgabFV0EA=="
    },
    "node_modules/playwright": {
      "version": "1.45.2",
      "resolved": "https://registry.npmjs.org/playwright/-/playwright-1.45.2.tgz",
      "integrity": "sha512-ReywF2t/0teRvNBpfIgh5e4wnrI/8Su8ssdo5XsQKpjxJj+jspm00jSoz9BTg91TT0c9HRjXO7LBNVrgYj9X0g==",
      "dependencies": {
        "playwright-core": "1.45.2"
      },
      "bin": {
        "playwright": "cli.js"
      },
      "engines": {
        "node": ">=18"
      },
      "optionalDependencies": {
        "fsevents": "2.3.2"
      }
    },
    "node_modules/playwright-core": {
      "version": "1.45.2",
      "resolved": "https://registry.npmjs.org/playwright-core/-/playwright-core-1.45.2.tgz",
      "integrity": "sha512-ha175tAWb0dTK0X4orvBIqi3jGEt701SMxMhyujxNrgd8K0Uy5wMSwwcQHtyB4om7INUkfndx02XnQ2p6dvLDw==",
      "bin": {
        "playwright-core": "cli.js"
      },
      "engines": {
        "node": ">=18"
      }
    },
    "node_modules/request-ip": {
      "version": "3.3.0",
      "resolved": "https://registry.npmjs.org/request-ip/-/request-ip-3.3.0.tgz",
      "integrity": "sha512-cA6Xh6e0fDBBBwH77SLJaJPBmD3nWVAcF9/XAcsrIHdjhFzFiB5aNQFytdjCGPezU3ROwrR11IddKAM08vohxA=="
    },
    "node_modules/rollbar": {
      "version": "2.26.4",
      "resolved": "https://registry.npmjs.org/rollbar/-/rollbar-2.26.4.tgz",
      "integrity": "sha512-JKmrj6riYm9ZPJisgxljgH4uCsvjMHDHXrinDF7aAFaP+eoF51HomVPtLcDTYLsrJ568aKVNLUhedFajONBwSg==",
      "dependencies": {
        "async": "~3.2.3",
        "console-polyfill": "0.3.0",
        "error-stack-parser": "^2.0.4",
        "json-stringify-safe": "~5.0.0",
        "lru-cache": "~2.2.1",
        "request-ip": "~3.3.0",
        "source-map": "^0.5.7"
      },
      "optionalDependencies": {
        "decache": "^3.0.5"
      }
    },
    "node_modules/source-map": {
      "version": "0.5.7",
      "resolved": "https://registry.npmjs.org/source-map/-/source-map-0.5.7.tgz",
      "integrity": "sha512-LbrmJOMUSdEVxIKvdcJzQC+nQhe8FUZQTXQy6+I75skNgn3OoQ0DZA8YnFa7gp8tqtL3KPf1kmo0R5DoApeSGQ==",
      "engines": {
        "node": ">=0.10.0"
      }
    },
    "node_modules/stackframe": {
      "version": "1.3.4",
      "resolved": "https://registry.npmjs.org/stackframe/-/stackframe-1.3.4.tgz",
      "integrity": "sha512-oeVtt7eWQS+Na6F//S4kJ2K2VbRlS9D43mAlMyVpVWovy9o+jfgH8O9agzANzaiLjclA0oYzUXEM4PurhSUChw=="
    },
    "node_modules/traverse-chain": {
      "version": "0.1.0",
      "resolved": "https://registry.npmjs.org/traverse-chain/-/traverse-chain-0.1.0.tgz",
      "integrity": "sha512-up6Yvai4PYKhpNp5PkYtx50m3KbwQrqDwbuZP/ItyL64YEWHAvH6Md83LFLV/GRSk/BoUVwwgUzX6SOQSbsfAg==",
      "optional": true
    }
  }
}
